
Microsoft Visual Studio Solution File, Format Version 12.00
# Visual Studio 2017
Project("{FAE04EC0-301F-11D3-BF4B-00C04F79EFBC}") = "MixedReality-Azure-Samples", "MixedReality-Azure-Samples.csproj", "{89F6344A-9B8E-B3A6-2B33-02FF758FF87B}"
EndProject
Global
	GlobalSection(SolutionConfigurationPlatforms) = preSolution
		Debug|Any CPU = Debug|Any CPU
		Release|Any CPU = Release|Any CPU
	EndGlobalSection
	GlobalSection(ProjectConfigurationPlatforms) = postSolution
		{89F6344A-9B8E-B3A6-2B33-02FF758FF87B}.Debug|Any CPU.ActiveCfg = Debug|Any CPU
		{89F6344A-9B8E-B3A6-2B33-02FF758FF87B}.Debug|Any CPU.Build.0 = Debug|Any CPU
		{89F6344A-9B8E-B3A6-2B33-02FF758FF87B}.Release|Any CPU.ActiveCfg = Release|Any CPU
		{89F6344A-9B8E-B3A6-2B33-02FF758FF87B}.Release|Any CPU.Build.0 = Release|Any CPU
	EndGlobalSection
	GlobalSection(SolutionProperties) = preSolution
		HideSolutionNode = FALSE
	EndGlobalSection
EndGlobal
