
Microsoft Visual Studio Solution File, Format Version 12.00
# Visual Studio 15
VisualStudioVersion = 15.0.27130.2010
MinimumVisualStudioVersion = 10.0.40219.1
Project("{FAE04EC0-301F-11D3-BF4B-00C04F79EFBC}") = "LuisCacheServer", "LUIS-CachingComponents\LuisCacheServer\LuisCacheServer.csproj", "{1DB3BDC6-0761-40F6-9783-9C9CCCB4D01C}"
EndProject
Project("{9A19103F-16F7-4668-BE54-9A1E7A4F7556}") = "LuisCacheModel", "LUIS-CachingComponents\LuisCacheModel\LuisCacheModel.csproj", "{74463CA6-3198-4C75-9337-690BCA210D92}"
EndProject
Project("{FAE04EC0-301F-11D3-BF4B-00C04F79EFBC}") = "LuisCacheFunctions", "LUIS-CachingComponents\LuisCacheFunctions\LuisCacheFunctions.csproj", "{122F01F3-E934-473C-AC31-97BE2FDE03E9}"
EndProject
Global
	GlobalSection(SolutionConfigurationPlatforms) = preSolution
		Debug|Any CPU = Debug|Any CPU
		Debug|ARM = Debug|ARM
		Debug|x64 = Debug|x64
		Debug|x86 = Debug|x86
		Release|Any CPU = Release|Any CPU
		Release|ARM = Release|ARM
		Release|x64 = Release|x64
		Release|x86 = Release|x86
	EndGlobalSection
	GlobalSection(ProjectConfigurationPlatforms) = postSolution
		{1DB3BDC6-0761-40F6-9783-9C9CCCB4D01C}.Debug|Any CPU.ActiveCfg = Debug|Any CPU
		{1DB3BDC6-0761-40F6-9783-9C9CCCB4D01C}.Debug|Any CPU.Build.0 = Debug|Any CPU
		{1DB3BDC6-0761-40F6-9783-9C9CCCB4D01C}.Debug|ARM.ActiveCfg = Debug|Any CPU
		{1DB3BDC6-0761-40F6-9783-9C9CCCB4D01C}.Debug|ARM.Build.0 = Debug|Any CPU
		{1DB3BDC6-0761-40F6-9783-9C9CCCB4D01C}.Debug|x64.ActiveCfg = Debug|Any CPU
		{1DB3BDC6-0761-40F6-9783-9C9CCCB4D01C}.Debug|x64.Build.0 = Debug|Any CPU
		{1DB3BDC6-0761-40F6-9783-9C9CCCB4D01C}.Debug|x86.ActiveCfg = Debug|Any CPU
		{1DB3BDC6-0761-40F6-9783-9C9CCCB4D01C}.Debug|x86.Build.0 = Debug|Any CPU
		{1DB3BDC6-0761-40F6-9783-9C9CCCB4D01C}.Release|Any CPU.ActiveCfg = Release|Any CPU
		{1DB3BDC6-0761-40F6-9783-9C9CCCB4D01C}.Release|Any CPU.Build.0 = Release|Any CPU
		{1DB3BDC6-0761-40F6-9783-9C9CCCB4D01C}.Release|ARM.ActiveCfg = Release|Any CPU
		{1DB3BDC6-0761-40F6-9783-9C9CCCB4D01C}.Release|ARM.Build.0 = Release|Any CPU
		{1DB3BDC6-0761-40F6-9783-9C9CCCB4D01C}.Release|x64.ActiveCfg = Release|Any CPU
		{1DB3BDC6-0761-40F6-9783-9C9CCCB4D01C}.Release|x64.Build.0 = Release|Any CPU
		{1DB3BDC6-0761-40F6-9783-9C9CCCB4D01C}.Release|x86.ActiveCfg = Release|Any CPU
		{1DB3BDC6-0761-40F6-9783-9C9CCCB4D01C}.Release|x86.Build.0 = Release|Any CPU
		{74463CA6-3198-4C75-9337-690BCA210D92}.Debug|Any CPU.ActiveCfg = Debug|Any CPU
		{74463CA6-3198-4C75-9337-690BCA210D92}.Debug|Any CPU.Build.0 = Debug|Any CPU
		{74463CA6-3198-4C75-9337-690BCA210D92}.Debug|ARM.ActiveCfg = Debug|Any CPU
		{74463CA6-3198-4C75-9337-690BCA210D92}.Debug|ARM.Build.0 = Debug|Any CPU
		{74463CA6-3198-4C75-9337-690BCA210D92}.Debug|x64.ActiveCfg = Debug|Any CPU
		{74463CA6-3198-4C75-9337-690BCA210D92}.Debug|x64.Build.0 = Debug|Any CPU
		{74463CA6-3198-4C75-9337-690BCA210D92}.Debug|x86.ActiveCfg = Debug|Any CPU
		{74463CA6-3198-4C75-9337-690BCA210D92}.Debug|x86.Build.0 = Debug|Any CPU
		{74463CA6-3198-4C75-9337-690BCA210D92}.Release|Any CPU.ActiveCfg = Release|Any CPU
		{74463CA6-3198-4C75-9337-690BCA210D92}.Release|Any CPU.Build.0 = Release|Any CPU
		{74463CA6-3198-4C75-9337-690BCA210D92}.Release|ARM.ActiveCfg = Release|Any CPU
		{74463CA6-3198-4C75-9337-690BCA210D92}.Release|ARM.Build.0 = Release|Any CPU
		{74463CA6-3198-4C75-9337-690BCA210D92}.Release|x64.ActiveCfg = Release|Any CPU
		{74463CA6-3198-4C75-9337-690BCA210D92}.Release|x64.Build.0 = Release|Any CPU
		{74463CA6-3198-4C75-9337-690BCA210D92}.Release|x86.ActiveCfg = Release|Any CPU
		{74463CA6-3198-4C75-9337-690BCA210D92}.Release|x86.Build.0 = Release|Any CPU
		{122F01F3-E934-473C-AC31-97BE2FDE03E9}.Debug|Any CPU.ActiveCfg = Debug|Any CPU
		{122F01F3-E934-473C-AC31-97BE2FDE03E9}.Debug|Any CPU.Build.0 = Debug|Any CPU
		{122F01F3-E934-473C-AC31-97BE2FDE03E9}.Debug|ARM.ActiveCfg = Debug|Any CPU
		{122F01F3-E934-473C-AC31-97BE2FDE03E9}.Debug|ARM.Build.0 = Debug|Any CPU
		{122F01F3-E934-473C-AC31-97BE2FDE03E9}.Debug|x64.ActiveCfg = Debug|Any CPU
		{122F01F3-E934-473C-AC31-97BE2FDE03E9}.Debug|x64.Build.0 = Debug|Any CPU
		{122F01F3-E934-473C-AC31-97BE2FDE03E9}.Debug|x86.ActiveCfg = Debug|Any CPU
		{122F01F3-E934-473C-AC31-97BE2FDE03E9}.Debug|x86.Build.0 = Debug|Any CPU
		{122F01F3-E934-473C-AC31-97BE2FDE03E9}.Release|Any CPU.ActiveCfg = Release|Any CPU
		{122F01F3-E934-473C-AC31-97BE2FDE03E9}.Release|Any CPU.Build.0 = Release|Any CPU
		{122F01F3-E934-473C-AC31-97BE2FDE03E9}.Release|ARM.ActiveCfg = Release|Any CPU
		{122F01F3-E934-473C-AC31-97BE2FDE03E9}.Release|ARM.Build.0 = Release|Any CPU
		{122F01F3-E934-473C-AC31-97BE2FDE03E9}.Release|x64.ActiveCfg = Release|Any CPU
		{122F01F3-E934-473C-AC31-97BE2FDE03E9}.Release|x64.Build.0 = Release|Any CPU
		{122F01F3-E934-473C-AC31-97BE2FDE03E9}.Release|x86.ActiveCfg = Release|Any CPU
		{122F01F3-E934-473C-AC31-97BE2FDE03E9}.Release|x86.Build.0 = Release|Any CPU
	EndGlobalSection
	GlobalSection(SolutionProperties) = preSolution
		HideSolutionNode = FALSE
	EndGlobalSection
	GlobalSection(ExtensibilityGlobals) = postSolution
		SolutionGuid = {8575CFF4-DB0D-4B19-9FF8-9E5F5F45F6B3}
	EndGlobalSection
EndGlobal
