
Microsoft Visual Studio Solution File, Format Version 12.00
# Visual Studio 15
Project("{FAE04EC0-301F-11D3-BF4B-00C04F79EFBC}") = "SharedAlignment", "Assembly-CSharp.csproj", "{AC4EC1C0-8D5C-2989-1BA1-3AFF283BD211}"
EndProject
Project("{FAE04EC0-301F-11D3-BF4B-00C04F79EFBC}") = "SharedAlignment", "Assembly-CSharp-Editor.csproj", "{4D6C85E4-CA2C-4D63-E8C1-DEE0BEB16085}"
EndProject
Global
	GlobalSection(SolutionConfigurationPlatforms) = preSolution
		Debug|Any CPU = Debug|Any CPU
		Release|Any CPU = Release|Any CPU
	EndGlobalSection
	GlobalSection(ProjectConfigurationPlatforms) = postSolution
		{AC4EC1C0-8D5C-2989-1BA1-3AFF283BD211}.Debug|Any CPU.ActiveCfg = Debug|Any CPU
		{AC4EC1C0-8D5C-2989-1BA1-3AFF283BD211}.Debug|Any CPU.Build.0 = Debug|Any CPU
		{AC4EC1C0-8D5C-2989-1BA1-3AFF283BD211}.Release|Any CPU.ActiveCfg = Release|Any CPU
		{AC4EC1C0-8D5C-2989-1BA1-3AFF283BD211}.Release|Any CPU.Build.0 = Release|Any CPU
		{4D6C85E4-CA2C-4D63-E8C1-DEE0BEB16085}.Debug|Any CPU.ActiveCfg = Debug|Any CPU
		{4D6C85E4-CA2C-4D63-E8C1-DEE0BEB16085}.Debug|Any CPU.Build.0 = Debug|Any CPU
		{4D6C85E4-CA2C-4D63-E8C1-DEE0BEB16085}.Release|Any CPU.ActiveCfg = Release|Any CPU
		{4D6C85E4-CA2C-4D63-E8C1-DEE0BEB16085}.Release|Any CPU.Build.0 = Release|Any CPU
	EndGlobalSection
	GlobalSection(SolutionProperties) = preSolution
		HideSolutionNode = FALSE
	EndGlobalSection
EndGlobal
