
Microsoft Visual Studio Solution File, Format Version 12.00
# Visual Studio 2017
Project("{FAE04EC0-301F-11D3-BF4B-00C04F79EFBC}") = "mixedreality-winml", "mixedreality-winml.csproj", "{C7234B4B-97C0-59E2-8091-B4E16B7B738C}"
EndProject
Global
	GlobalSection(SolutionConfigurationPlatforms) = preSolution
		Debug|Any CPU = Debug|Any CPU
		Release|Any CPU = Release|Any CPU
	EndGlobalSection
	GlobalSection(ProjectConfigurationPlatforms) = postSolution
		{C7234B4B-97C0-59E2-8091-B4E16B7B738C}.Debug|Any CPU.ActiveCfg = Debug|Any CPU
		{C7234B4B-97C0-59E2-8091-B4E16B7B738C}.Debug|Any CPU.Build.0 = Debug|Any CPU
		{C7234B4B-97C0-59E2-8091-B4E16B7B738C}.Release|Any CPU.ActiveCfg = Release|Any CPU
		{C7234B4B-97C0-59E2-8091-B4E16B7B738C}.Release|Any CPU.Build.0 = Release|Any CPU
	EndGlobalSection
	GlobalSection(SolutionProperties) = preSolution
		HideSolutionNode = FALSE
	EndGlobalSection
EndGlobal
