
Microsoft Visual Studio Solution File, Format Version 12.00
# Visual Studio 15
Project("{FAE04EC0-301F-11D3-BF4B-00C04F79EFBC}") = "MixedReality-Azure-Unity", "Assembly-CSharp.csproj", "{6208DB9F-F8AC-EBCB-7B18-67F4C4065086}"
EndProject
Project("{FAE04EC0-301F-11D3-BF4B-00C04F79EFBC}") = "MixedReality-Azure-Unity", "Assembly-CSharp-Editor.csproj", "{EDA4797C-B86C-95C4-91A7-0692260042EB}"
EndProject
Global
	GlobalSection(SolutionConfigurationPlatforms) = preSolution
		Debug|Any CPU = Debug|Any CPU
		Release|Any CPU = Release|Any CPU
	EndGlobalSection
	GlobalSection(ProjectConfigurationPlatforms) = postSolution
		{6208DB9F-F8AC-EBCB-7B18-67F4C4065086}.Debug|Any CPU.ActiveCfg = Debug|Any CPU
		{6208DB9F-F8AC-EBCB-7B18-67F4C4065086}.Debug|Any CPU.Build.0 = Debug|Any CPU
		{6208DB9F-F8AC-EBCB-7B18-67F4C4065086}.Release|Any CPU.ActiveCfg = Release|Any CPU
		{6208DB9F-F8AC-EBCB-7B18-67F4C4065086}.Release|Any CPU.Build.0 = Release|Any CPU
		{EDA4797C-B86C-95C4-91A7-0692260042EB}.Debug|Any CPU.ActiveCfg = Debug|Any CPU
		{EDA4797C-B86C-95C4-91A7-0692260042EB}.Debug|Any CPU.Build.0 = Debug|Any CPU
		{EDA4797C-B86C-95C4-91A7-0692260042EB}.Release|Any CPU.ActiveCfg = Release|Any CPU
		{EDA4797C-B86C-95C4-91A7-0692260042EB}.Release|Any CPU.Build.0 = Release|Any CPU
	EndGlobalSection
	GlobalSection(SolutionProperties) = preSolution
		HideSolutionNode = FALSE
	EndGlobalSection
EndGlobal
